
Microsoft Visual Studio Solution File, Format Version 12.00
# Visual Studio Version 17
VisualStudioVersion = 17.7.34024.191
MinimumVisualStudioVersion = 10.0.40219.1
Project("{FAE04EC0-301F-11D3-BF4B-00C04F79EFBC}") = "lab_29", "lab_29.csproj", "{DBB22935-7EA3-4572-AD1B-70F55A1AC3AB}"
EndProject
Global
	GlobalSection(SolutionConfigurationPlatforms) = preSolution
		Debug|Any CPU = Debug|Any CPU
		Release|Any CPU = Release|Any CPU
	EndGlobalSection
	GlobalSection(ProjectConfigurationPlatforms) = postSolution
		{DBB22935-7EA3-4572-AD1B-70F55A1AC3AB}.Debug|Any CPU.ActiveCfg = Debug|Any CPU
		{DBB22935-7EA3-4572-AD1B-70F55A1AC3AB}.Debug|Any CPU.Build.0 = Debug|Any CPU
		{DBB22935-7EA3-4572-AD1B-70F55A1AC3AB}.Release|Any CPU.ActiveCfg = Release|Any CPU
		{DBB22935-7EA3-4572-AD1B-70F55A1AC3AB}.Release|Any CPU.Build.0 = Release|Any CPU
	EndGlobalSection
	GlobalSection(SolutionProperties) = preSolution
		HideSolutionNode = FALSE
	EndGlobalSection
	GlobalSection(ExtensibilityGlobals) = postSolution
		SolutionGuid = {6D3E0F85-3E9A-41F5-A234-2BCBEE0ADD6E}
	EndGlobalSection
EndGlobal
