
Microsoft Visual Studio Solution File, Format Version 12.00
# Visual Studio Version 17
VisualStudioVersion = 17.7.34024.191
MinimumVisualStudioVersion = 10.0.40219.1
Project("{FAE04EC0-301F-11D3-BF4B-00C04F79EFBC}") = "lab_23", "lab_23.csproj", "{0B2528DB-7926-4D82-A5A3-446847768023}"
EndProject
Project("{9A19103F-16F7-4668-BE54-9A1E7A4F7556}") = "MyLibr", "..\MyLibr\MyLibr.csproj", "{38DD61C2-C766-4F94-AB14-B5A390D39178}"
EndProject
Global
	GlobalSection(SolutionConfigurationPlatforms) = preSolution
		Debug|Any CPU = Debug|Any CPU
		Release|Any CPU = Release|Any CPU
	EndGlobalSection
	GlobalSection(ProjectConfigurationPlatforms) = postSolution
		{0B2528DB-7926-4D82-A5A3-446847768023}.Debug|Any CPU.ActiveCfg = Debug|Any CPU
		{0B2528DB-7926-4D82-A5A3-446847768023}.Debug|Any CPU.Build.0 = Debug|Any CPU
		{0B2528DB-7926-4D82-A5A3-446847768023}.Release|Any CPU.ActiveCfg = Release|Any CPU
		{0B2528DB-7926-4D82-A5A3-446847768023}.Release|Any CPU.Build.0 = Release|Any CPU
		{38DD61C2-C766-4F94-AB14-B5A390D39178}.Debug|Any CPU.ActiveCfg = Debug|Any CPU
		{38DD61C2-C766-4F94-AB14-B5A390D39178}.Debug|Any CPU.Build.0 = Debug|Any CPU
		{38DD61C2-C766-4F94-AB14-B5A390D39178}.Release|Any CPU.ActiveCfg = Release|Any CPU
		{38DD61C2-C766-4F94-AB14-B5A390D39178}.Release|Any CPU.Build.0 = Release|Any CPU
	EndGlobalSection
	GlobalSection(SolutionProperties) = preSolution
		HideSolutionNode = FALSE
	EndGlobalSection
	GlobalSection(ExtensibilityGlobals) = postSolution
		SolutionGuid = {35155644-381B-4789-B80D-CBD97AD0E278}
	EndGlobalSection
EndGlobal
