
Microsoft Visual Studio Solution File, Format Version 12.00
# Visual Studio Version 17
VisualStudioVersion = 17.7.34024.191
MinimumVisualStudioVersion = 10.0.40219.1
Project("{FAE04EC0-301F-11D3-BF4B-00C04F79EFBC}") = "lab_17", "lab_17\lab_17.csproj", "{C622D9B3-F968-4123-9E25-47376A91E800}"
EndProject
Project("{FAE04EC0-301F-11D3-BF4B-00C04F79EFBC}") = "MyLinketList", "MyLinketList\MyLinketList.csproj", "{BFE071F6-9FBE-4708-A984-E4504769BF38}"
EndProject
Project("{FAE04EC0-301F-11D3-BF4B-00C04F79EFBC}") = "MyArrayList", "MyArrayList\MyArrayList.csproj", "{6900919B-EBA1-474E-AE59-723DD8EC3BE9}"
EndProject
Global
	GlobalSection(SolutionConfigurationPlatforms) = preSolution
		Debug|Any CPU = Debug|Any CPU
		Release|Any CPU = Release|Any CPU
	EndGlobalSection
	GlobalSection(ProjectConfigurationPlatforms) = postSolution
		{C622D9B3-F968-4123-9E25-47376A91E800}.Debug|Any CPU.ActiveCfg = Debug|Any CPU
		{C622D9B3-F968-4123-9E25-47376A91E800}.Debug|Any CPU.Build.0 = Debug|Any CPU
		{C622D9B3-F968-4123-9E25-47376A91E800}.Release|Any CPU.ActiveCfg = Release|Any CPU
		{C622D9B3-F968-4123-9E25-47376A91E800}.Release|Any CPU.Build.0 = Release|Any CPU
		{BFE071F6-9FBE-4708-A984-E4504769BF38}.Debug|Any CPU.ActiveCfg = Debug|Any CPU
		{BFE071F6-9FBE-4708-A984-E4504769BF38}.Debug|Any CPU.Build.0 = Debug|Any CPU
		{BFE071F6-9FBE-4708-A984-E4504769BF38}.Release|Any CPU.ActiveCfg = Release|Any CPU
		{BFE071F6-9FBE-4708-A984-E4504769BF38}.Release|Any CPU.Build.0 = Release|Any CPU
		{6900919B-EBA1-474E-AE59-723DD8EC3BE9}.Debug|Any CPU.ActiveCfg = Debug|Any CPU
		{6900919B-EBA1-474E-AE59-723DD8EC3BE9}.Debug|Any CPU.Build.0 = Debug|Any CPU
		{6900919B-EBA1-474E-AE59-723DD8EC3BE9}.Release|Any CPU.ActiveCfg = Release|Any CPU
		{6900919B-EBA1-474E-AE59-723DD8EC3BE9}.Release|Any CPU.Build.0 = Release|Any CPU
	EndGlobalSection
	GlobalSection(SolutionProperties) = preSolution
		HideSolutionNode = FALSE
	EndGlobalSection
	GlobalSection(ExtensibilityGlobals) = postSolution
		SolutionGuid = {40B10AB9-E8F3-4190-B19E-BBAFE76DE2E3}
	EndGlobalSection
EndGlobal
