
Microsoft Visual Studio Solution File, Format Version 12.00
# Visual Studio Version 17
VisualStudioVersion = 17.7.34024.191
MinimumVisualStudioVersion = 10.0.40219.1
Project("{FAE04EC0-301F-11D3-BF4B-00C04F79EFBC}") = "lab_19", "lab_19\lab_19.csproj", "{3BB0652C-A673-4F77-BC27-0BD85BE4D24E}"
EndProject
Project("{FAE04EC0-301F-11D3-BF4B-00C04F79EFBC}") = "Hash", "Has\Hash.csproj", "{617346EC-53B2-401D-B095-5D4609DE3704}"
EndProject
Global
	GlobalSection(SolutionConfigurationPlatforms) = preSolution
		Debug|Any CPU = Debug|Any CPU
		Release|Any CPU = Release|Any CPU
	EndGlobalSection
	GlobalSection(ProjectConfigurationPlatforms) = postSolution
		{3BB0652C-A673-4F77-BC27-0BD85BE4D24E}.Debug|Any CPU.ActiveCfg = Debug|Any CPU
		{3BB0652C-A673-4F77-BC27-0BD85BE4D24E}.Debug|Any CPU.Build.0 = Debug|Any CPU
		{3BB0652C-A673-4F77-BC27-0BD85BE4D24E}.Release|Any CPU.ActiveCfg = Release|Any CPU
		{3BB0652C-A673-4F77-BC27-0BD85BE4D24E}.Release|Any CPU.Build.0 = Release|Any CPU
		{617346EC-53B2-401D-B095-5D4609DE3704}.Debug|Any CPU.ActiveCfg = Debug|Any CPU
		{617346EC-53B2-401D-B095-5D4609DE3704}.Debug|Any CPU.Build.0 = Debug|Any CPU
		{617346EC-53B2-401D-B095-5D4609DE3704}.Release|Any CPU.ActiveCfg = Release|Any CPU
		{617346EC-53B2-401D-B095-5D4609DE3704}.Release|Any CPU.Build.0 = Release|Any CPU
	EndGlobalSection
	GlobalSection(SolutionProperties) = preSolution
		HideSolutionNode = FALSE
	EndGlobalSection
	GlobalSection(ExtensibilityGlobals) = postSolution
		SolutionGuid = {3C289085-07C0-4D58-8591-0468DC799E1A}
	EndGlobalSection
EndGlobal
