
Microsoft Visual Studio Solution File, Format Version 12.00
# Visual Studio Version 17
VisualStudioVersion = 17.7.34024.191
MinimumVisualStudioVersion = 10.0.40219.1
Project("{FAE04EC0-301F-11D3-BF4B-00C04F79EFBC}") = "lab_18", "lab_18\lab_18.csproj", "{F7E874E8-1F2A-4D93-BB1A-8ACDA2297702}"
EndProject
Global
	GlobalSection(SolutionConfigurationPlatforms) = preSolution
		Debug|Any CPU = Debug|Any CPU
		Release|Any CPU = Release|Any CPU
	EndGlobalSection
	GlobalSection(ProjectConfigurationPlatforms) = postSolution
		{F7E874E8-1F2A-4D93-BB1A-8ACDA2297702}.Debug|Any CPU.ActiveCfg = Debug|Any CPU
		{F7E874E8-1F2A-4D93-BB1A-8ACDA2297702}.Debug|Any CPU.Build.0 = Debug|Any CPU
		{F7E874E8-1F2A-4D93-BB1A-8ACDA2297702}.Release|Any CPU.ActiveCfg = Release|Any CPU
		{F7E874E8-1F2A-4D93-BB1A-8ACDA2297702}.Release|Any CPU.Build.0 = Release|Any CPU
	EndGlobalSection
	GlobalSection(SolutionProperties) = preSolution
		HideSolutionNode = FALSE
	EndGlobalSection
	GlobalSection(ExtensibilityGlobals) = postSolution
		SolutionGuid = {54207F2B-8416-471F-8DF3-72802C002678}
	EndGlobalSection
EndGlobal
