
Microsoft Visual Studio Solution File, Format Version 12.00
# Visual Studio Version 17
VisualStudioVersion = 17.7.34024.191
MinimumVisualStudioVersion = 10.0.40219.1
Project("{9A19103F-16F7-4668-BE54-9A1E7A4F7556}") = "Lab_4", "Lab_4\Lab_4.csproj", "{BB0216C6-CD55-4132-B8E9-CC825257FE99}"
EndProject
Project("{FAE04EC0-301F-11D3-BF4B-00C04F79EFBC}") = "MyArrayList", "MyArrayList\MyArrayList.csproj", "{2F9AE132-36E3-4911-9A2B-680BBEE1A59C}"
EndProject
Global
	GlobalSection(SolutionConfigurationPlatforms) = preSolution
		Debug|Any CPU = Debug|Any CPU
		Release|Any CPU = Release|Any CPU
	EndGlobalSection
	GlobalSection(ProjectConfigurationPlatforms) = postSolution
		{BB0216C6-CD55-4132-B8E9-CC825257FE99}.Debug|Any CPU.ActiveCfg = Debug|Any CPU
		{BB0216C6-CD55-4132-B8E9-CC825257FE99}.Debug|Any CPU.Build.0 = Debug|Any CPU
		{BB0216C6-CD55-4132-B8E9-CC825257FE99}.Release|Any CPU.ActiveCfg = Release|Any CPU
		{BB0216C6-CD55-4132-B8E9-CC825257FE99}.Release|Any CPU.Build.0 = Release|Any CPU
		{2F9AE132-36E3-4911-9A2B-680BBEE1A59C}.Debug|Any CPU.ActiveCfg = Debug|Any CPU
		{2F9AE132-36E3-4911-9A2B-680BBEE1A59C}.Debug|Any CPU.Build.0 = Debug|Any CPU
		{2F9AE132-36E3-4911-9A2B-680BBEE1A59C}.Release|Any CPU.ActiveCfg = Release|Any CPU
		{2F9AE132-36E3-4911-9A2B-680BBEE1A59C}.Release|Any CPU.Build.0 = Release|Any CPU
	EndGlobalSection
	GlobalSection(SolutionProperties) = preSolution
		HideSolutionNode = FALSE
	EndGlobalSection
	GlobalSection(ExtensibilityGlobals) = postSolution
		SolutionGuid = {5564AFD7-4F8A-4E1E-962A-F9D8C42966C2}
	EndGlobalSection
EndGlobal
