
Microsoft Visual Studio Solution File, Format Version 12.00
# Visual Studio Version 17
VisualStudioVersion = 17.7.34024.191
MinimumVisualStudioVersion = 10.0.40219.1
Project("{FAE04EC0-301F-11D3-BF4B-00C04F79EFBC}") = "lab_25", "lab_25.csproj", "{3663C0DB-E0F4-4F7A-9B52-39C66886DD5E}"
EndProject
Project("{9A19103F-16F7-4668-BE54-9A1E7A4F7556}") = "MyLibr", "..\MyLibr\MyLibr.csproj", "{191D5C05-2B7E-4DDD-937E-E6E675632061}"
EndProject
Global
	GlobalSection(SolutionConfigurationPlatforms) = preSolution
		Debug|Any CPU = Debug|Any CPU
		Release|Any CPU = Release|Any CPU
	EndGlobalSection
	GlobalSection(ProjectConfigurationPlatforms) = postSolution
		{3663C0DB-E0F4-4F7A-9B52-39C66886DD5E}.Debug|Any CPU.ActiveCfg = Debug|Any CPU
		{3663C0DB-E0F4-4F7A-9B52-39C66886DD5E}.Debug|Any CPU.Build.0 = Debug|Any CPU
		{3663C0DB-E0F4-4F7A-9B52-39C66886DD5E}.Release|Any CPU.ActiveCfg = Release|Any CPU
		{3663C0DB-E0F4-4F7A-9B52-39C66886DD5E}.Release|Any CPU.Build.0 = Release|Any CPU
		{191D5C05-2B7E-4DDD-937E-E6E675632061}.Debug|Any CPU.ActiveCfg = Debug|Any CPU
		{191D5C05-2B7E-4DDD-937E-E6E675632061}.Debug|Any CPU.Build.0 = Debug|Any CPU
		{191D5C05-2B7E-4DDD-937E-E6E675632061}.Release|Any CPU.ActiveCfg = Release|Any CPU
		{191D5C05-2B7E-4DDD-937E-E6E675632061}.Release|Any CPU.Build.0 = Release|Any CPU
	EndGlobalSection
	GlobalSection(SolutionProperties) = preSolution
		HideSolutionNode = FALSE
	EndGlobalSection
	GlobalSection(ExtensibilityGlobals) = postSolution
		SolutionGuid = {9FDFD516-C336-47E6-A81C-33A4C576B1FA}
	EndGlobalSection
EndGlobal
